# Complete no-dependency-resolution wheel set for exact PP-OCR reproduction.
# Install with --only-binary=:all: --no-deps --require-hashes.
anyio==4.14.2 --hash=sha256:9f505dda5ac9f0c8309b5e8bd445a8c2bf7246f3ce950121e45ea15bc41d1494
astor==0.8.1 --hash=sha256:070a54e890cefb5b3739d19f30f5a5ec840ffc9c50ffa7d23cc9fc1a38ebbfc5
certifi==2026.7.22 --hash=sha256:62f22742b58a1a33014a2b6b706588a8d7e2a88ae7bd1a6ebe8c992928483775
coloredlogs==15.0.1 --hash=sha256:612ee75c546f53e92e70049c9dbfcc18c935a2b9a53b66085ce9ef6a6e5c0934
decorator==5.3.1 --hash=sha256:f47fe6fdbd2edd623ecfe36875d37aba411624e2670dd395dddae1358689bb3c
flatbuffers==25.12.19 --hash=sha256:7634f50c427838bb021c2d66a3d1168e9d199b0607e6329399f04846d42e20b4
h11==0.16.0 --hash=sha256:63cf8bbe7522de3bf65932fda1d9c2772064ffb3dae62d55932da54b31cb6c86
httpcore==1.0.9 --hash=sha256:2d400746a40668fc9dec9810239072b40b4484b640a8c38fd654a024c7a1bf55
httpx==0.28.1 --hash=sha256:d909fcccc110f8c7faf814ca82a9a4d816bc5a6dbfea25d6591d6985b8ba59ad
humanfriendly==10.0 --hash=sha256:1697e1a8a8f550fd43c2865cd84542fc175a61dcb779b6fee18cf6b6ccba1477
idna==3.18 --hash=sha256:7f952cbe720b688055e3f87de14f5c3e5fdaa8bc3928985c4077ca689de849a2
ml-dtypes==0.5.4 --hash=sha256:6c7ecb74c4bd71db68a6bea1edf8da8c34f3d9fe218f038814fd1d310ac76c90
mpmath==1.3.0 --hash=sha256:a0b2b9fe80bbcd81a6647ff13108738cfb482d481d826cc0e02f5b35e5c88d2c
networkx==3.6.1 --hash=sha256:d47fbf302e7d9cbbb9e2555a0d267983d2aa476bac30e90dfbe5669bd57f3762
numpy==2.4.6 --hash=sha256:4cfe66903cc32a9921a6733d96b19bb6abf310397581bbad89c228f5abaf0ee8
onnx==1.17.0 --hash=sha256:d6fc3a03fc0129b8b6ac03f03bc894431ffd77c7d79ec023d0afd667b4d35869
onnx-graphsurgeon==0.6.1 --hash=sha256:fabc53fc60909dd032cfd889016dd5d4139ab566af4a9039002818f552c73547
onnxoptimizer==0.3.13 --hash=sha256:dcd1c529cb3d285f1bc75480ebe198a43f6bcc84ad010386f6e2d7bcd3052501
onnxruntime==1.19.2 --hash=sha256:d863e8acdc7232d705d49e41087e10b274c42f09e259016a46f32c34e06dc4fd
opt-einsum==3.3.0 --hash=sha256:2455e59e3947d3c275477df7f5205b30635e266fe6dc300e3d9f9646bfcea147
packaging==26.2 --hash=sha256:5fc45236b9446107ff2415ce77c807cee2862cb6fac22b8a73826d0693b0980e
paddle2onnx==2.1.0 --hash=sha256:1f412901114faf76ab715bf948f9b44dd1fdebb39657ccb8cdfc381d2d7ca641
paddlepaddle==3.0.0 --hash=sha256:cb4a98192079cde5b5dac1109d334c12b376b97edc8682490b5f5065c8f708d9
Pillow==12.3.0 --hash=sha256:37d6d0a00072fd2948eb22bce7e1475f34569d90c87c59f7a2ec59541b77f7a6
polygraphy==0.50.3 --hash=sha256:0df1a2336db7e6e95b5e54094de307699593f092597ad9472d7ceceff4a8a46e
protobuf==7.35.1 --hash=sha256:24f857477359a85c0c235261b8ba905fd51b2562f4a64ca1df5473f29850cbf6
sympy==1.14.0 --hash=sha256:e091cc3e99d2141a0ba2847328f5479b05d94a6635cb96148ccb3f34671bd8f5
typing-extensions==4.16.0 --hash=sha256:481caa481374e813c1b176ada14e97f1f67a4539ce9cfeb3f350d78d6370c2e8
